
Microsoft Visual Studio Solution File, Format Version 12.00
# Visual Studio Version 17
VisualStudioVersion = 17.14.36717.8 d17.14
MinimumVisualStudioVersion = 10.0.40219.1
Project("{FAE04EC0-301F-11D3-BF4B-00C04F79EFBC}") = "SupplierService", "SupplierService.csproj", "{F29F4B47-8BD6-6640-6E62-250C01BD6123}"
EndProject
Global
	GlobalSection(SolutionConfigurationPlatforms) = preSolution
		Debug|Any CPU = Debug|Any CPU
		Release|Any CPU = Release|Any CPU
	EndGlobalSection
	GlobalSection(ProjectConfigurationPlatforms) = postSolution
		{F29F4B47-8BD6-6640-6E62-250C01BD6123}.Debug|Any CPU.ActiveCfg = Debug|Any CPU
		{F29F4B47-8BD6-6640-6E62-250C01BD6123}.Debug|Any CPU.Build.0 = Debug|Any CPU
		{F29F4B47-8BD6-6640-6E62-250C01BD6123}.Release|Any CPU.ActiveCfg = Release|Any CPU
		{F29F4B47-8BD6-6640-6E62-250C01BD6123}.Release|Any CPU.Build.0 = Release|Any CPU
	EndGlobalSection
	GlobalSection(SolutionProperties) = preSolution
		HideSolutionNode = FALSE
	EndGlobalSection
	GlobalSection(ExtensibilityGlobals) = postSolution
		SolutionGuid = {A32C37AB-4251-4B67-9015-AD3EE884CA40}
	EndGlobalSection
EndGlobal
